
Microsoft Visual Studio Solution File, Format Version 12.00
# Visual Studio 14
VisualStudioVersion = 14.0.25420.1
MinimumVisualStudioVersion = 10.0.40219.1
Project("{2150E333-8FDC-42A3-9474-1A3956D46DE8}") = "src", "src", "{6D019E0E-F21A-4DFD-8687-414A9E41F4EC}"
EndProject
Project("{2150E333-8FDC-42A3-9474-1A3956D46DE8}") = "Solution Items", "Solution Items", "{A6B33853-F6FA-44A6-A359-E16BDB229CC8}"
	ProjectSection(SolutionItems) = preProject
		global.json = global.json
	EndProjectSection
EndProject
Project("{8BB2217D-0F2D-49D1-97BC-3654ED321F3B}") = "ExploreCalifornia", "src\ExploreCalifornia\ExploreCalifornia.xproj", "{5CEC32BD-4A9F-44C3-9B35-DBB99AEBA733}"
EndProject
Global
	GlobalSection(SolutionConfigurationPlatforms) = preSolution
		Debug|Any CPU = Debug|Any CPU
		Release|Any CPU = Release|Any CPU
	EndGlobalSection
	GlobalSection(ProjectConfigurationPlatforms) = postSolution
		{5CEC32BD-4A9F-44C3-9B35-DBB99AEBA733}.Debug|Any CPU.ActiveCfg = Debug|Any CPU
		{5CEC32BD-4A9F-44C3-9B35-DBB99AEBA733}.Debug|Any CPU.Build.0 = Debug|Any CPU
		{5CEC32BD-4A9F-44C3-9B35-DBB99AEBA733}.Release|Any CPU.ActiveCfg = Release|Any CPU
		{5CEC32BD-4A9F-44C3-9B35-DBB99AEBA733}.Release|Any CPU.Build.0 = Release|Any CPU
	EndGlobalSection
	GlobalSection(SolutionProperties) = preSolution
		HideSolutionNode = FALSE
	EndGlobalSection
	GlobalSection(NestedProjects) = preSolution
		{5CEC32BD-4A9F-44C3-9B35-DBB99AEBA733} = {6D019E0E-F21A-4DFD-8687-414A9E41F4EC}
	EndGlobalSection
EndGlobal
